# THIS IS AN AUTOGENERATED FILE. DO NOT EDIT THIS FILE DIRECTLY.
# yarn lockfile v1


"@types/webextension-polyfill@^0.8.1":
  version "0.8.1"
  resolved "https://registry.yarnpkg.com/@types/webextension-polyfill/-/webextension-polyfill-0.8.1.tgz#9f29dbc894128cb8fdeea3d6b083696a418c867a"
  integrity sha512-FH1EwaQLzET/Bdy05yIcgMD2nlXchA1vnfC+QvQYMNW0RcTIDrNaVOOqmOY1nGRf0NaHZQmvfMy6cJV4nY7j2w==

typescript@^4.4.4:
  version "4.4.4"
  resolved "https://registry.yarnpkg.com/typescript/-/typescript-4.4.4.tgz#2cd01a1a1f160704d3101fd5a58ff0f9fcb8030c"
  integrity sha512-DqGhF5IKoBl8WNf8C1gu8q0xZSInh9j1kJJMqT3a94w1JzVaBU4EXOSMrz9yDqMT0xt3selp83fuFMQ0uzv6qA==

webextension-polyfill@^0.8.0:
  version "0.8.0"
  resolved "https://registry.yarnpkg.com/webextension-polyfill/-/webextension-polyfill-0.8.0.tgz#f80e9f4b7f81820c420abd6ffbebfa838c60e041"
  integrity sha512-a19+DzlT6Kp9/UI+mF9XQopeZ+n2ussjhxHJ4/pmIGge9ijCDz7Gn93mNnjpZAk95T4Tae8iHZ6sSf869txqiQ==
